
Microsoft Visual Studio Solution File, Format Version 12.00
# Visual Studio Version 17
VisualStudioVersion = 17.14.35906.104
MinimumVisualStudioVersion = 10.0.40219.1
Project("{FAE04EC0-301F-11D3-BF4B-00C04F79EFBC}") = "RMSToyRobotTest", "RMSToyRobotTest\RMSToyRobotTest.csproj", "{4E2E00C7-0D73-473D-8BBD-24138BC20A11}"
EndProject
Project("{FAE04EC0-301F-11D3-BF4B-00C04F79EFBC}") = "RMSToyRobotTest.Service", "RMSToyRobotTest.Service\RMSToyRobotTest.Service.csproj", "{FA7A2B7A-CE14-4FEE-9FF8-7EA459FDEBA9}"
EndProject
Project("{FAE04EC0-301F-11D3-BF4B-00C04F79EFBC}") = "RMSToyRobotTest.Tests", "RMSToyRobotTest.Tests\RMSToyRobotTest.Tests.csproj", "{B871177C-7CA3-4D27-ADB1-59F01C9B1EDB}"
EndProject
Global
	GlobalSection(SolutionConfigurationPlatforms) = preSolution
		Debug|Any CPU = Debug|Any CPU
		Release|Any CPU = Release|Any CPU
	EndGlobalSection
	GlobalSection(ProjectConfigurationPlatforms) = postSolution
		{4E2E00C7-0D73-473D-8BBD-24138BC20A11}.Debug|Any CPU.ActiveCfg = Debug|Any CPU
		{4E2E00C7-0D73-473D-8BBD-24138BC20A11}.Debug|Any CPU.Build.0 = Debug|Any CPU
		{4E2E00C7-0D73-473D-8BBD-24138BC20A11}.Release|Any CPU.ActiveCfg = Release|Any CPU
		{4E2E00C7-0D73-473D-8BBD-24138BC20A11}.Release|Any CPU.Build.0 = Release|Any CPU
		{FA7A2B7A-CE14-4FEE-9FF8-7EA459FDEBA9}.Debug|Any CPU.ActiveCfg = Debug|Any CPU
		{FA7A2B7A-CE14-4FEE-9FF8-7EA459FDEBA9}.Debug|Any CPU.Build.0 = Debug|Any CPU
		{FA7A2B7A-CE14-4FEE-9FF8-7EA459FDEBA9}.Release|Any CPU.ActiveCfg = Release|Any CPU
		{FA7A2B7A-CE14-4FEE-9FF8-7EA459FDEBA9}.Release|Any CPU.Build.0 = Release|Any CPU
		{B871177C-7CA3-4D27-ADB1-59F01C9B1EDB}.Debug|Any CPU.ActiveCfg = Debug|Any CPU
		{B871177C-7CA3-4D27-ADB1-59F01C9B1EDB}.Debug|Any CPU.Build.0 = Debug|Any CPU
		{B871177C-7CA3-4D27-ADB1-59F01C9B1EDB}.Release|Any CPU.ActiveCfg = Release|Any CPU
		{B871177C-7CA3-4D27-ADB1-59F01C9B1EDB}.Release|Any CPU.Build.0 = Release|Any CPU
	EndGlobalSection
	GlobalSection(SolutionProperties) = preSolution
		HideSolutionNode = FALSE
	EndGlobalSection
	GlobalSection(ExtensibilityGlobals) = postSolution
		SolutionGuid = {2336FCF7-C05B-4CF9-BE03-CD398FE0CD72}
	EndGlobalSection
EndGlobal
